
Microsoft Visual Studio Solution File, Format Version 12.00
# Visual Studio Version 16
VisualStudioVersion = 16.0.30907.101
MinimumVisualStudioVersion = 10.0.40219.1
Project("{9A19103F-16F7-4668-BE54-9A1E7A4F7556}") = "DataAccess", "DataAccess\DataAccess.csproj", "{5EF0DA04-D925-40BB-9BF2-2082A7C8F495}"
EndProject
Project("{9A19103F-16F7-4668-BE54-9A1E7A4F7556}") = "Business", "Business\Business.csproj", "{FB7F368A-D67D-4C68-8DF7-2F951CF2FBC1}"
EndProject
Project("{9A19103F-16F7-4668-BE54-9A1E7A4F7556}") = "Entities", "Entities\Entities.csproj", "{01F60407-D182-4DB2-8FBD-ACCBE78A3792}"
EndProject
Project("{9A19103F-16F7-4668-BE54-9A1E7A4F7556}") = "ConsoleUI", "ConsoleUI\ConsoleUI.csproj", "{54053702-E35E-4C0C-9695-C836C4DB2001}"
EndProject
Project("{FAE04EC0-301F-11D3-BF4B-00C04F79EFBC}") = "Test", "Test\Test.csproj", "{8B6C032A-3490-4537-B0A1-1CB3821D40C5}"
EndProject
Global
	GlobalSection(SolutionConfigurationPlatforms) = preSolution
		Debug|Any CPU = Debug|Any CPU
		Release|Any CPU = Release|Any CPU
	EndGlobalSection
	GlobalSection(ProjectConfigurationPlatforms) = postSolution
		{5EF0DA04-D925-40BB-9BF2-2082A7C8F495}.Debug|Any CPU.ActiveCfg = Debug|Any CPU
		{5EF0DA04-D925-40BB-9BF2-2082A7C8F495}.Debug|Any CPU.Build.0 = Debug|Any CPU
		{5EF0DA04-D925-40BB-9BF2-2082A7C8F495}.Release|Any CPU.ActiveCfg = Release|Any CPU
		{5EF0DA04-D925-40BB-9BF2-2082A7C8F495}.Release|Any CPU.Build.0 = Release|Any CPU
		{FB7F368A-D67D-4C68-8DF7-2F951CF2FBC1}.Debug|Any CPU.ActiveCfg = Debug|Any CPU
		{FB7F368A-D67D-4C68-8DF7-2F951CF2FBC1}.Debug|Any CPU.Build.0 = Debug|Any CPU
		{FB7F368A-D67D-4C68-8DF7-2F951CF2FBC1}.Release|Any CPU.ActiveCfg = Release|Any CPU
		{FB7F368A-D67D-4C68-8DF7-2F951CF2FBC1}.Release|Any CPU.Build.0 = Release|Any CPU
		{01F60407-D182-4DB2-8FBD-ACCBE78A3792}.Debug|Any CPU.ActiveCfg = Debug|Any CPU
		{01F60407-D182-4DB2-8FBD-ACCBE78A3792}.Debug|Any CPU.Build.0 = Debug|Any CPU
		{01F60407-D182-4DB2-8FBD-ACCBE78A3792}.Release|Any CPU.ActiveCfg = Release|Any CPU
		{01F60407-D182-4DB2-8FBD-ACCBE78A3792}.Release|Any CPU.Build.0 = Release|Any CPU
		{54053702-E35E-4C0C-9695-C836C4DB2001}.Debug|Any CPU.ActiveCfg = Debug|Any CPU
		{54053702-E35E-4C0C-9695-C836C4DB2001}.Debug|Any CPU.Build.0 = Debug|Any CPU
		{54053702-E35E-4C0C-9695-C836C4DB2001}.Release|Any CPU.ActiveCfg = Release|Any CPU
		{54053702-E35E-4C0C-9695-C836C4DB2001}.Release|Any CPU.Build.0 = Release|Any CPU
		{8B6C032A-3490-4537-B0A1-1CB3821D40C5}.Debug|Any CPU.ActiveCfg = Debug|Any CPU
		{8B6C032A-3490-4537-B0A1-1CB3821D40C5}.Debug|Any CPU.Build.0 = Debug|Any CPU
		{8B6C032A-3490-4537-B0A1-1CB3821D40C5}.Release|Any CPU.ActiveCfg = Release|Any CPU
		{8B6C032A-3490-4537-B0A1-1CB3821D40C5}.Release|Any CPU.Build.0 = Release|Any CPU
	EndGlobalSection
	GlobalSection(SolutionProperties) = preSolution
		HideSolutionNode = FALSE
	EndGlobalSection
	GlobalSection(ExtensibilityGlobals) = postSolution
		SolutionGuid = {3D10EEF2-A23E-4285-8471-DF803E03EA19}
	EndGlobalSection
EndGlobal
